
Microsoft Visual Studio Solution File, Format Version 12.00
# Visual Studio Version 17
VisualStudioVersion = 17.8.34330.188
MinimumVisualStudioVersion = 10.0.40219.1
Project("{FAE04EC0-301F-11D3-BF4B-00C04F79EFBC}") = "Stockboy", "Stockboy.csproj", "{50E69D5B-B2C6-4BC3-9658-4DFA39072A99}"
EndProject
Global
	GlobalSection(SolutionConfigurationPlatforms) = preSolution
		Debug|Any CPU = Debug|Any CPU
		Release|Any CPU = Release|Any CPU
	EndGlobalSection
	GlobalSection(ProjectConfigurationPlatforms) = postSolution
		{50E69D5B-B2C6-4BC3-9658-4DFA39072A99}.Debug|Any CPU.ActiveCfg = Debug|Any CPU
		{50E69D5B-B2C6-4BC3-9658-4DFA39072A99}.Debug|Any CPU.Build.0 = Debug|Any CPU
		{50E69D5B-B2C6-4BC3-9658-4DFA39072A99}.Release|Any CPU.ActiveCfg = Release|Any CPU
		{50E69D5B-B2C6-4BC3-9658-4DFA39072A99}.Release|Any CPU.Build.0 = Release|Any CPU
	EndGlobalSection
	GlobalSection(SolutionProperties) = preSolution
		HideSolutionNode = FALSE
	EndGlobalSection
	GlobalSection(ExtensibilityGlobals) = postSolution
		SolutionGuid = {09135909-C8C7-480F-A653-6ED557AAD910}
	EndGlobalSection
EndGlobal
